// !$*UTF8*$!
{
	archiveVersion = 1;
	classes = {
	};
	objectVersion = 46;
	objects = {

/* Begin PBXBuildFile section */
		842891B014E13D1D0065EB20 /* Foundation.framework in Frameworks */ = {isa = PBXBuildFile; fileRef = 842891AF14E13D1D0065EB20 /* Foundation.framework */; };
		842891B214E13D1D0065EB20 /* UIKit.framework in Frameworks */ = {isa = PBXBuildFile; fileRef = 842891B114E13D1D0065EB20 /* UIKit.framework */; };
		842891B414E13D1D0065EB20 /* CoreGraphics.framework in Frameworks */ = {isa = PBXBuildFile; fileRef = 842891B314E13D1D0065EB20 /* CoreGraphics.framework */; };
		842891B614E13D1D0065EB20 /* AddressBook.framework in Frameworks */ = {isa = PBXBuildFile; fileRef = 842891B514E13D1D0065EB20 /* AddressBook.framework */; };
		842891B814E13D1D0065EB20 /* AddressBookUI.framework in Frameworks */ = {isa = PBXBuildFile; fileRef = 842891B714E13D1D0065EB20 /* AddressBookUI.framework */; };
		842891BA14E13D1D0065EB20 /* AudioToolbox.framework in Frameworks */ = {isa = PBXBuildFile; fileRef = 842891B914E13D1D0065EB20 /* AudioToolbox.framework */; };
		842891BC14E13D1D0065EB20 /* AVFoundation.framework in Frameworks */ = {isa = PBXBuildFile; fileRef = 842891BB14E13D1D0065EB20 /* AVFoundation.framework */; };
		842891BE14E13D1D0065EB20 /* CoreLocation.framework in Frameworks */ = {isa = PBXBuildFile; fileRef = 842891BD14E13D1D0065EB20 /* CoreLocation.framework */; };
		842891C014E13D1D0065EB20 /* MediaPlayer.framework in Frameworks */ = {isa = PBXBuildFile; fileRef = 842891BF14E13D1D0065EB20 /* MediaPlayer.framework */; };
		842891C214E13D1D0065EB20 /* QuartzCore.framework in Frameworks */ = {isa = PBXBuildFile; fileRef = 842891C114E13D1D0065EB20 /* QuartzCore.framework */; };
		842891C414E13D1D0065EB20 /* SystemConfiguration.framework in Frameworks */ = {isa = PBXBuildFile; fileRef = 842891C314E13D1D0065EB20 /* SystemConfiguration.framework */; };
		842891C614E13D1D0065EB20 /* MobileCoreServices.framework in Frameworks */ = {isa = PBXBuildFile; fileRef = 842891C514E13D1D0065EB20 /* MobileCoreServices.framework */; };
		842891C814E13D1D0065EB20 /* CoreMedia.framework in Frameworks */ = {isa = PBXBuildFile; fileRef = 842891C714E13D1D0065EB20 /* CoreMedia.framework */; };
		842891CE14E13D1D0065EB20 /* InfoPlist.strings in Resources */ = {isa = PBXBuildFile; fileRef = 842891CC14E13D1D0065EB20 /* InfoPlist.strings */; };
		842891D014E13D1D0065EB20 /* main.m in Sources */ = {isa = PBXBuildFile; fileRef = 842891CF14E13D1D0065EB20 /* main.m */; };
		842891D314E13D1D0065EB20 /* PhoneGap.framework in Frameworks */ = {isa = PBXBuildFile; fileRef = 842891D214E13D1D0065EB20 /* PhoneGap.framework */; };
		842891D814E13D1D0065EB20 /* Localizable.strings in Resources */ = {isa = PBXBuildFile; fileRef = 842891D614E13D1D0065EB20 /* Localizable.strings */; };
		842891DC14E13D1D0065EB20 /* Localizable.strings in Resources */ = {isa = PBXBuildFile; fileRef = 842891DA14E13D1D0065EB20 /* Localizable.strings */; };
		842891DF14E13D1D0065EB20 /* icon.png in Resources */ = {isa = PBXBuildFile; fileRef = 842891DE14E13D1D0065EB20 /* icon.png */; };
		842891E114E13D1D0065EB20 /* icon@2x.png in Resources */ = {isa = PBXBuildFile; fileRef = 842891E014E13D1D0065EB20 /* icon@2x.png */; };
		842891E314E13D1E0065EB20 /* icon-72.png in Resources */ = {isa = PBXBuildFile; fileRef = 842891E214E13D1E0065EB20 /* icon-72.png */; };
		842891E614E13D1E0065EB20 /* Default.png in Resources */ = {isa = PBXBuildFile; fileRef = 842891E514E13D1E0065EB20 /* Default.png */; };
		842891E814E13D1E0065EB20 /* Default@2x.png in Resources */ = {isa = PBXBuildFile; fileRef = 842891E714E13D1E0065EB20 /* Default@2x.png */; };
		842891EA14E13D1E0065EB20 /* Capture.bundle in Resources */ = {isa = PBXBuildFile; fileRef = 842891E914E13D1E0065EB20 /* Capture.bundle */; };
		842891EC14E13D1E0065EB20 /* PhoneGap.plist in Resources */ = {isa = PBXBuildFile; fileRef = 842891EB14E13D1E0065EB20 /* PhoneGap.plist */; };
		842891F014E13D1E0065EB20 /* AppDelegate.m in Sources */ = {isa = PBXBuildFile; fileRef = 842891EF14E13D1E0065EB20 /* AppDelegate.m */; };
		842891F314E13D1E0065EB20 /* MainViewController.m in Sources */ = {isa = PBXBuildFile; fileRef = 842891F214E13D1E0065EB20 /* MainViewController.m */; };
		842891F514E13D1E0065EB20 /* MainViewController.xib in Resources */ = {isa = PBXBuildFile; fileRef = 842891F414E13D1E0065EB20 /* MainViewController.xib */; };
		842891FE14E13DD20065EB20 /* www in Resources */ = {isa = PBXBuildFile; fileRef = 842891FD14E13DD20065EB20 /* www */; };
/* End PBXBuildFile section */

/* Begin PBXFileReference section */
		842891AB14E13D1D0065EB20 /* TR_PhonegapTest.app */ = {isa = PBXFileReference; explicitFileType = wrapper.application; includeInIndex = 0; path = TR_PhonegapTest.app; sourceTree = BUILT_PRODUCTS_DIR; };
		842891AF14E13D1D0065EB20 /* Foundation.framework */ = {isa = PBXFileReference; lastKnownFileType = wrapper.framework; name = Foundation.framework; path = System/Library/Frameworks/Foundation.framework; sourceTree = SDKROOT; };
		842891B114E13D1D0065EB20 /* UIKit.framework */ = {isa = PBXFileReference; lastKnownFileType = wrapper.framework; name = UIKit.framework; path = System/Library/Frameworks/UIKit.framework; sourceTree = SDKROOT; };
		842891B314E13D1D0065EB20 /* CoreGraphics.framework */ = {isa = PBXFileReference; lastKnownFileType = wrapper.framework; name = CoreGraphics.framework; path = System/Library/Frameworks/CoreGraphics.framework; sourceTree = SDKROOT; };
		842891B514E13D1D0065EB20 /* AddressBook.framework */ = {isa = PBXFileReference; lastKnownFileType = wrapper.framework; name = AddressBook.framework; path = System/Library/Frameworks/AddressBook.framework; sourceTree = SDKROOT; };
		842891B714E13D1D0065EB20 /* AddressBookUI.framework */ = {isa = PBXFileReference; lastKnownFileType = wrapper.framework; name = AddressBookUI.framework; path = System/Library/Frameworks/AddressBookUI.framework; sourceTree = SDKROOT; };
		842891B914E13D1D0065EB20 /* AudioToolbox.framework */ = {isa = PBXFileReference; lastKnownFileType = wrapper.framework; name = AudioToolbox.framework; path = System/Library/Frameworks/AudioToolbox.framework; sourceTree = SDKROOT; };
		842891BB14E13D1D0065EB20 /* AVFoundation.framework */ = {isa = PBXFileReference; lastKnownFileType = wrapper.framework; name = AVFoundation.framework; path = System/Library/Frameworks/AVFoundation.framework; sourceTree = SDKROOT; };
		842891BD14E13D1D0065EB20 /* CoreLocation.framework */ = {isa = PBXFileReference; lastKnownFileType = wrapper.framework; name = CoreLocation.framework; path = System/Library/Frameworks/CoreLocation.framework; sourceTree = SDKROOT; };
		842891BF14E13D1D0065EB20 /* MediaPlayer.framework */ = {isa = PBXFileReference; lastKnownFileType = wrapper.framework; name = MediaPlayer.framework; path = System/Library/Frameworks/MediaPlayer.framework; sourceTree = SDKROOT; };
		842891C114E13D1D0065EB20 /* QuartzCore.framework */ = {isa = PBXFileReference; lastKnownFileType = wrapper.framework; name = QuartzCore.framework; path = System/Library/Frameworks/QuartzCore.framework; sourceTree = SDKROOT; };
		842891C314E13D1D0065EB20 /* SystemConfiguration.framework */ = {isa = PBXFileReference; lastKnownFileType = wrapper.framework; name = SystemConfiguration.framework; path = System/Library/Frameworks/SystemConfiguration.framework; sourceTree = SDKROOT; };
		842891C514E13D1D0065EB20 /* MobileCoreServices.framework */ = {isa = PBXFileReference; lastKnownFileType = wrapper.framework; name = MobileCoreServices.framework; path = System/Library/Frameworks/MobileCoreServices.framework; sourceTree = SDKROOT; };
		842891C714E13D1D0065EB20 /* CoreMedia.framework */ = {isa = PBXFileReference; lastKnownFileType = wrapper.framework; name = CoreMedia.framework; path = System/Library/Frameworks/CoreMedia.framework; sourceTree = SDKROOT; };
		842891CB14E13D1D0065EB20 /* TR_PhonegapTest-Info.plist */ = {isa = PBXFileReference; lastKnownFileType = text.plist.xml; path = "TR_PhonegapTest-Info.plist"; sourceTree = "<group>"; };
		842891CD14E13D1D0065EB20 /* en */ = {isa = PBXFileReference; lastKnownFileType = text.plist.strings; name = en; path = en.lproj/InfoPlist.strings; sourceTree = "<group>"; };
		842891CF14E13D1D0065EB20 /* main.m */ = {isa = PBXFileReference; lastKnownFileType = sourcecode.c.objc; path = main.m; sourceTree = "<group>"; };
		842891D114E13D1D0065EB20 /* TR_PhonegapTest-Prefix.pch */ = {isa = PBXFileReference; lastKnownFileType = sourcecode.c.h; path = "TR_PhonegapTest-Prefix.pch"; sourceTree = "<group>"; };
		842891D214E13D1D0065EB20 /* PhoneGap.framework */ = {isa = PBXFileReference; lastKnownFileType = wrapper.framework; name = PhoneGap.framework; path = /Users/Shared/PhoneGap/Frameworks/PhoneGap.framework; sourceTree = "<absolute>"; };
		842891D714E13D1D0065EB20 /* en */ = {isa = PBXFileReference; lastKnownFileType = text.plist.strings; name = en; path = Resources/en.lproj/Localizable.strings; sourceTree = "<group>"; };
		842891DB14E13D1D0065EB20 /* es */ = {isa = PBXFileReference; lastKnownFileType = text.plist.strings; name = es; path = Resources/es.lproj/Localizable.strings; sourceTree = "<group>"; };
		842891DE14E13D1D0065EB20 /* icon.png */ = {isa = PBXFileReference; lastKnownFileType = image.png; name = icon.png; path = Resources/icons/icon.png; sourceTree = "<group>"; };
		842891E014E13D1D0065EB20 /* icon@2x.png */ = {isa = PBXFileReference; lastKnownFileType = image.png; name = "icon@2x.png"; path = "Resources/icons/icon@2x.png"; sourceTree = "<group>"; };
		842891E214E13D1E0065EB20 /* icon-72.png */ = {isa = PBXFileReference; lastKnownFileType = image.png; name = "icon-72.png"; path = "Resources/icons/icon-72.png"; sourceTree = "<group>"; };
		842891E514E13D1E0065EB20 /* Default.png */ = {isa = PBXFileReference; lastKnownFileType = image.png; name = Default.png; path = Resources/splash/Default.png; sourceTree = "<group>"; };
		842891E714E13D1E0065EB20 /* Default@2x.png */ = {isa = PBXFileReference; lastKnownFileType = image.png; name = "Default@2x.png"; path = "Resources/splash/Default@2x.png"; sourceTree = "<group>"; };
		842891E914E13D1E0065EB20 /* Capture.bundle */ = {isa = PBXFileReference; lastKnownFileType = "wrapper.plug-in"; name = Capture.bundle; path = Resources/Capture.bundle; sourceTree = "<group>"; };
		842891EB14E13D1E0065EB20 /* PhoneGap.plist */ = {isa = PBXFileReference; lastKnownFileType = text.plist.xml; path = PhoneGap.plist; sourceTree = "<group>"; };
		842891EE14E13D1E0065EB20 /* AppDelegate.h */ = {isa = PBXFileReference; lastKnownFileType = sourcecode.c.h; name = AppDelegate.h; path = Classes/AppDelegate.h; sourceTree = "<group>"; };
		842891EF14E13D1E0065EB20 /* AppDelegate.m */ = {isa = PBXFileReference; lastKnownFileType = sourcecode.c.objc; name = AppDelegate.m; path = Classes/AppDelegate.m; sourceTree = "<group>"; };
		842891F114E13D1E0065EB20 /* MainViewController.h */ = {isa = PBXFileReference; lastKnownFileType = sourcecode.c.h; name = MainViewController.h; path = Classes/MainViewController.h; sourceTree = "<group>"; };
		842891F214E13D1E0065EB20 /* MainViewController.m */ = {isa = PBXFileReference; lastKnownFileType = sourcecode.c.objc; name = MainViewController.m; path = Classes/MainViewController.m; sourceTree = "<group>"; };
		842891F414E13D1E0065EB20 /* MainViewController.xib */ = {isa = PBXFileReference; lastKnownFileType = file.xib; name = MainViewController.xib; path = Classes/MainViewController.xib; sourceTree = "<group>"; };
		842891F714E13D1E0065EB20 /* README */ = {isa = PBXFileReference; lastKnownFileType = text; name = README; path = Plugins/README; sourceTree = "<group>"; };
		842891FD14E13DD20065EB20 /* www */ = {isa = PBXFileReference; lastKnownFileType = folder; path = www; sourceTree = "<group>"; };
/* End PBXFileReference section */

/* Begin PBXFrameworksBuildPhase section */
		842891A514E13D1D0065EB20 /* Frameworks */ = {
			isa = PBXFrameworksBuildPhase;
			buildActionMask = 2147483647;
			files = (
				842891B014E13D1D0065EB20 /* Foundation.framework in Frameworks */,
				842891B214E13D1D0065EB20 /* UIKit.framework in Frameworks */,
				842891B414E13D1D0065EB20 /* CoreGraphics.framework in Frameworks */,
				842891B614E13D1D0065EB20 /* AddressBook.framework in Frameworks */,
				842891B814E13D1D0065EB20 /* AddressBookUI.framework in Frameworks */,
				842891BA14E13D1D0065EB20 /* AudioToolbox.framework in Frameworks */,
				842891BC14E13D1D0065EB20 /* AVFoundation.framework in Frameworks */,
				842891BE14E13D1D0065EB20 /* CoreLocation.framework in Frameworks */,
				842891C014E13D1D0065EB20 /* MediaPlayer.framework in Frameworks */,
				842891C214E13D1D0065EB20 /* QuartzCore.framework in Frameworks */,
				842891C414E13D1D0065EB20 /* SystemConfiguration.framework in Frameworks */,
				842891C614E13D1D0065EB20 /* MobileCoreServices.framework in Frameworks */,
				842891C814E13D1D0065EB20 /* CoreMedia.framework in Frameworks */,
				842891D314E13D1D0065EB20 /* PhoneGap.framework in Frameworks */,
			);
			runOnlyForDeploymentPostprocessing = 0;
		};
		842891A814E13D1D0065EB20 /* Frameworks */ = {
			isa = PBXFrameworksBuildPhase;
			buildActionMask = 2147483647;
			files = (
			);
			runOnlyForDeploymentPostprocessing = 0;
		};
/* End PBXFrameworksBuildPhase section */

/* Begin PBXGroup section */
		8428919D14E13D1D0065EB20 = {
			isa = PBXGroup;
			children = (
				842891FD14E13DD20065EB20 /* www */,
				842891C914E13D1D0065EB20 /* TR_PhonegapTest */,
				842891AE14E13D1D0065EB20 /* Frameworks */,
				842891AC14E13D1D0065EB20 /* Products */,
			);
			sourceTree = "<group>";
		};
		842891AC14E13D1D0065EB20 /* Products */ = {
			isa = PBXGroup;
			children = (
				842891AB14E13D1D0065EB20 /* TR_PhonegapTest.app */,
			);
			name = Products;
			sourceTree = "<group>";
		};
		842891AE14E13D1D0065EB20 /* Frameworks */ = {
			isa = PBXGroup;
			children = (
				842891AF14E13D1D0065EB20 /* Foundation.framework */,
				842891B114E13D1D0065EB20 /* UIKit.framework */,
				842891B314E13D1D0065EB20 /* CoreGraphics.framework */,
				842891B514E13D1D0065EB20 /* AddressBook.framework */,
				842891B714E13D1D0065EB20 /* AddressBookUI.framework */,
				842891B914E13D1D0065EB20 /* AudioToolbox.framework */,
				842891BB14E13D1D0065EB20 /* AVFoundation.framework */,
				842891BD14E13D1D0065EB20 /* CoreLocation.framework */,
				842891BF14E13D1D0065EB20 /* MediaPlayer.framework */,
				842891C114E13D1D0065EB20 /* QuartzCore.framework */,
				842891C314E13D1D0065EB20 /* SystemConfiguration.framework */,
				842891C514E13D1D0065EB20 /* MobileCoreServices.framework */,
				842891C714E13D1D0065EB20 /* CoreMedia.framework */,
			);
			name = Frameworks;
			sourceTree = "<group>";
		};
		842891C914E13D1D0065EB20 /* TR_PhonegapTest */ = {
			isa = PBXGroup;
			children = (
				842891D214E13D1D0065EB20 /* PhoneGap.framework */,
				842891D414E13D1D0065EB20 /* Resources */,
				842891ED14E13D1E0065EB20 /* Classes */,
				842891F614E13D1E0065EB20 /* Plugins */,
				842891CA14E13D1D0065EB20 /* Supporting Files */,
			);
			path = TR_PhonegapTest;
			sourceTree = "<group>";
		};
		842891CA14E13D1D0065EB20 /* Supporting Files */ = {
			isa = PBXGroup;
			children = (
				842891CB14E13D1D0065EB20 /* TR_PhonegapTest-Info.plist */,
				842891CC14E13D1D0065EB20 /* InfoPlist.strings */,
				842891CF14E13D1D0065EB20 /* main.m */,
				842891D114E13D1D0065EB20 /* TR_PhonegapTest-Prefix.pch */,
				842891EB14E13D1E0065EB20 /* PhoneGap.plist */,
				842891F414E13D1E0065EB20 /* MainViewController.xib */,
			);
			name = "Supporting Files";
			sourceTree = "<group>";
		};
		842891D414E13D1D0065EB20 /* Resources */ = {
			isa = PBXGroup;
			children = (
				842891E914E13D1E0065EB20 /* Capture.bundle */,
				842891D514E13D1D0065EB20 /* en.lproj */,
				842891D914E13D1D0065EB20 /* es.lproj */,
				842891DD14E13D1D0065EB20 /* icons */,
				842891E414E13D1E0065EB20 /* splash */,
			);
			name = Resources;
			sourceTree = "<group>";
		};
		842891D514E13D1D0065EB20 /* en.lproj */ = {
			isa = PBXGroup;
			children = (
				842891D614E13D1D0065EB20 /* Localizable.strings */,
			);
			name = en.lproj;
			sourceTree = "<group>";
		};
		842891D914E13D1D0065EB20 /* es.lproj */ = {
			isa = PBXGroup;
			children = (
				842891DA14E13D1D0065EB20 /* Localizable.strings */,
			);
			name = es.lproj;
			sourceTree = "<group>";
		};
		842891DD14E13D1D0065EB20 /* icons */ = {
			isa = PBXGroup;
			children = (
				842891DE14E13D1D0065EB20 /* icon.png */,
				842891E014E13D1D0065EB20 /* icon@2x.png */,
				842891E214E13D1E0065EB20 /* icon-72.png */,
			);
			name = icons;
			sourceTree = "<group>";
		};
		842891E414E13D1E0065EB20 /* splash */ = {
			isa = PBXGroup;
			children = (
				842891E514E13D1E0065EB20 /* Default.png */,
				842891E714E13D1E0065EB20 /* Default@2x.png */,
			);
			name = splash;
			sourceTree = "<group>";
		};
		842891ED14E13D1E0065EB20 /* Classes */ = {
			isa = PBXGroup;
			children = (
				842891EE14E13D1E0065EB20 /* AppDelegate.h */,
				842891EF14E13D1E0065EB20 /* AppDelegate.m */,
				842891F114E13D1E0065EB20 /* MainViewController.h */,
				842891F214E13D1E0065EB20 /* MainViewController.m */,
			);
			name = Classes;
			sourceTree = "<group>";
		};
		842891F614E13D1E0065EB20 /* Plugins */ = {
			isa = PBXGroup;
			children = (
				842891F714E13D1E0065EB20 /* README */,
			);
			name = Plugins;
			sourceTree = "<group>";
		};
/* End PBXGroup section */

/* Begin PBXNativeTarget section */
		842891AA14E13D1D0065EB20 /* TR_PhonegapTest */ = {
			isa = PBXNativeTarget;
			buildConfigurationList = 842891FA14E13D1E0065EB20 /* Build configuration list for PBXNativeTarget "TR_PhonegapTest" */;
			buildPhases = (
				842891A414E13D1D0065EB20 /* Sources */,
				842891A514E13D1D0065EB20 /* Frameworks */,
				842891A614E13D1D0065EB20 /* Resources */,
				842891A714E13D1D0065EB20 /* Sources */,
				842891A814E13D1D0065EB20 /* Frameworks */,
				842891A914E13D1D0065EB20 /* ShellScript */,
			);
			buildRules = (
			);
			dependencies = (
			);
			name = TR_PhonegapTest;
			productName = TR_PhonegapTest;
			productReference = 842891AB14E13D1D0065EB20 /* TR_PhonegapTest.app */;
			productType = "com.apple.product-type.application";
		};
/* End PBXNativeTarget section */

/* Begin PBXProject section */
		8428919F14E13D1D0065EB20 /* Project object */ = {
			isa = PBXProject;
			attributes = {
				LastUpgradeCheck = 0420;
				ORGANIZATIONNAME = "Høgskolen i Oslo";
			};
			buildConfigurationList = 842891A214E13D1D0065EB20 /* Build configuration list for PBXProject "TR_PhonegapTest" */;
			compatibilityVersion = "Xcode 3.2";
			developmentRegion = English;
			hasScannedForEncodings = 0;
			knownRegions = (
				en,
				es,
			);
			mainGroup = 8428919D14E13D1D0065EB20;
			productRefGroup = 842891AC14E13D1D0065EB20 /* Products */;
			projectDirPath = "";
			projectRoot = "";
			targets = (
				842891AA14E13D1D0065EB20 /* TR_PhonegapTest */,
			);
		};
/* End PBXProject section */

/* Begin PBXResourcesBuildPhase section */
		842891A614E13D1D0065EB20 /* Resources */ = {
			isa = PBXResourcesBuildPhase;
			buildActionMask = 2147483647;
			files = (
				842891CE14E13D1D0065EB20 /* InfoPlist.strings in Resources */,
				842891D814E13D1D0065EB20 /* Localizable.strings in Resources */,
				842891DC14E13D1D0065EB20 /* Localizable.strings in Resources */,
				842891DF14E13D1D0065EB20 /* icon.png in Resources */,
				842891E114E13D1D0065EB20 /* icon@2x.png in Resources */,
				842891E314E13D1E0065EB20 /* icon-72.png in Resources */,
				842891E614E13D1E0065EB20 /* Default.png in Resources */,
				842891E814E13D1E0065EB20 /* Default@2x.png in Resources */,
				842891EA14E13D1E0065EB20 /* Capture.bundle in Resources */,
				842891EC14E13D1E0065EB20 /* PhoneGap.plist in Resources */,
				842891F514E13D1E0065EB20 /* MainViewController.xib in Resources */,
				842891FE14E13DD20065EB20 /* www in Resources */,
			);
			runOnlyForDeploymentPostprocessing = 0;
		};
/* End PBXResourcesBuildPhase section */

/* Begin PBXShellScriptBuildPhase section */
		842891A914E13D1D0065EB20 /* ShellScript */ = {
			isa = PBXShellScriptBuildPhase;
			buildActionMask = 2147483647;
			files = (
			);
			inputPaths = (
			);
			outputPaths = (
			);
			runOnlyForDeploymentPostprocessing = 0;
			shellPath = /bin/bash;
			shellScript = "\n\t\t\t\t\t\t\t\tif [ ! -d \"$PROJECT_DIR/www\" ] ; then\n\t\t\t\t\t\t\t\t\tcp -R /Users/Shared/PhoneGap/Frameworks/PhoneGap.framework/www \"$PROJECT_DIR\"\n\t\t\t\t\t\t\t\tfi\n\t\t\t\t\t\t\t\t# detect www folder reference in project, if missing, print warning\n\t\t\t\t\t\t\t\tgrep \"{isa = PBXFileReference; lastKnownFileType = folder; path = www; sourceTree = \\\"<group>\\\"; };\" \"$PROJECT_DIR/$PROJECT_NAME.xcodeproj/project.pbxproj\"\n\t\t\t\t\t\t\t\trc=$? \n\t\t\t\t\t\t\t\tif [ $rc != 0 ] ; then\n\t\t\t\t\t\t\t\techo -e \"warning: Missing - Add $PROJECT_DIR/www as a folder reference in your project. Just drag and drop the folder into your project, into the Project Navigator of Xcode 4. Make sure you select the second radio-button: 'Create folder references for any added folders' (which will create a blue folder)\" 1>&2\n\t\t\t\t\t\t\t\tfi\t\t\t\t\t\t\t";
		};
/* End PBXShellScriptBuildPhase section */

/* Begin PBXSourcesBuildPhase section */
		842891A414E13D1D0065EB20 /* Sources */ = {
			isa = PBXSourcesBuildPhase;
			buildActionMask = 2147483647;
			files = (
				842891D014E13D1D0065EB20 /* main.m in Sources */,
				842891F014E13D1E0065EB20 /* AppDelegate.m in Sources */,
				842891F314E13D1E0065EB20 /* MainViewController.m in Sources */,
			);
			runOnlyForDeploymentPostprocessing = 0;
		};
		842891A714E13D1D0065EB20 /* Sources */ = {
			isa = PBXSourcesBuildPhase;
			buildActionMask = 2147483647;
			files = (
			);
			runOnlyForDeploymentPostprocessing = 0;
		};
/* End PBXSourcesBuildPhase section */

/* Begin PBXVariantGroup section */
		842891CC14E13D1D0065EB20 /* InfoPlist.strings */ = {
			isa = PBXVariantGroup;
			children = (
				842891CD14E13D1D0065EB20 /* en */,
			);
			name = InfoPlist.strings;
			sourceTree = "<group>";
		};
		842891D614E13D1D0065EB20 /* Localizable.strings */ = {
			isa = PBXVariantGroup;
			children = (
				842891D714E13D1D0065EB20 /* en */,
			);
			name = Localizable.strings;
			sourceTree = "<group>";
		};
		842891DA14E13D1D0065EB20 /* Localizable.strings */ = {
			isa = PBXVariantGroup;
			children = (
				842891DB14E13D1D0065EB20 /* es */,
			);
			name = Localizable.strings;
			sourceTree = "<group>";
		};
/* End PBXVariantGroup section */

/* Begin XCBuildConfiguration section */
		842891F814E13D1E0065EB20 /* Debug */ = {
			isa = XCBuildConfiguration;
			buildSettings = {
				ALWAYS_SEARCH_USER_PATHS = NO;
				ARCHS = "$(ARCHS_STANDARD_32_BIT)";
				CLANG_ENABLE_OBJC_ARC = YES;
				"CODE_SIGN_IDENTITY[sdk=iphoneos*]" = "iPhone Developer";
				COPY_PHASE_STRIP = NO;
				GCC_C_LANGUAGE_STANDARD = gnu99;
				GCC_DYNAMIC_NO_PIC = NO;
				GCC_OPTIMIZATION_LEVEL = 0;
				GCC_PREPROCESSOR_DEFINITIONS = (
					"DEBUG=1",
					"$(inherited)",
				);
				GCC_SYMBOLS_PRIVATE_EXTERN = NO;
				GCC_VERSION = com.apple.compilers.llvmgcc42;
				GCC_WARN_ABOUT_MISSING_PROTOTYPES = YES;
				GCC_WARN_ABOUT_RETURN_TYPE = YES;
				GCC_WARN_UNUSED_VARIABLE = YES;
				IPHONEOS_DEPLOYMENT_TARGET = 3.0;
				SDKROOT = iphoneos;
			};
			name = Debug;
		};
		842891F914E13D1E0065EB20 /* Release */ = {
			isa = XCBuildConfiguration;
			buildSettings = {
				ALWAYS_SEARCH_USER_PATHS = NO;
				ARCHS = "$(ARCHS_STANDARD_32_BIT)";
				CLANG_ENABLE_OBJC_ARC = YES;
				"CODE_SIGN_IDENTITY[sdk=iphoneos*]" = "iPhone Developer";
				COPY_PHASE_STRIP = YES;
				GCC_C_LANGUAGE_STANDARD = gnu99;
				GCC_VERSION = com.apple.compilers.llvmgcc42;
				GCC_WARN_ABOUT_MISSING_PROTOTYPES = YES;
				GCC_WARN_ABOUT_RETURN_TYPE = YES;
				GCC_WARN_UNUSED_VARIABLE = YES;
				IPHONEOS_DEPLOYMENT_TARGET = 3.0;
				SDKROOT = iphoneos;
				VALIDATE_PRODUCT = YES;
			};
			name = Release;
		};
		842891FB14E13D1E0065EB20 /* Debug */ = {
			isa = XCBuildConfiguration;
			buildSettings = {
				ALWAYS_SEARCH_USER_PATHS = YES;
				COPY_PHASE_STRIP = NO;
				FRAMEWORK_SEARCH_PATHS = /Users/Shared/PhoneGap/Frameworks;
				GCC_DYNAMIC_NO_PIC = NO;
				GCC_PRECOMPILE_PREFIX_HEADER = YES;
				GCC_PREFIX_HEADER = "TR_PhonegapTest/TR_PhonegapTest-Prefix.pch";
				GCC_PREPROCESSOR_DEFINITIONS = "PHONEGAP_FRAMEWORK=YES";
				INFOPLIST_FILE = "TR_PhonegapTest/TR_PhonegapTest-Info.plist";
				OTHER_LDFLAGS = (
					"-weak_framework",
					UIKit,
					"-weak_framework",
					AVFoundation,
					"-weak_framework",
					CoreMedia,
					"-weak_library",
					/usr/lib/libSystem.B.dylib,
				);
				PRODUCT_NAME = "$(TARGET_NAME)";
				TARGETED_DEVICE_FAMILY = "1,2";
				WRAPPER_EXTENSION = app;
			};
			name = Debug;
		};
		842891FC14E13D1E0065EB20 /* Release */ = {
			isa = XCBuildConfiguration;
			buildSettings = {
				ALWAYS_SEARCH_USER_PATHS = YES;
				COPY_PHASE_STRIP = YES;
				DEBUG_INFORMATION_FORMAT = "dwarf-with-dsym";
				FRAMEWORK_SEARCH_PATHS = /Users/Shared/PhoneGap/Frameworks;
				GCC_PRECOMPILE_PREFIX_HEADER = YES;
				GCC_PREFIX_HEADER = "TR_PhonegapTest/TR_PhonegapTest-Prefix.pch";
				GCC_PREPROCESSOR_DEFINITIONS = "PHONEGAP_FRAMEWORK=YES";
				INFOPLIST_FILE = "TR_PhonegapTest/TR_PhonegapTest-Info.plist";
				OTHER_LDFLAGS = (
					"-weak_framework",
					UIKit,
					"-weak_framework",
					AVFoundation,
					"-weak_framework",
					CoreMedia,
					"-weak_library",
					/usr/lib/libSystem.B.dylib,
				);
				PRODUCT_NAME = "$(TARGET_NAME)";
				TARGETED_DEVICE_FAMILY = "1,2";
				VALIDATE_PRODUCT = YES;
				WRAPPER_EXTENSION = app;
			};
			name = Release;
		};
/* End XCBuildConfiguration section */

/* Begin XCConfigurationList section */
		842891A214E13D1D0065EB20 /* Build configuration list for PBXProject "TR_PhonegapTest" */ = {
			isa = XCConfigurationList;
			buildConfigurations = (
				842891F814E13D1E0065EB20 /* Debug */,
				842891F914E13D1E0065EB20 /* Release */,
			);
			defaultConfigurationIsVisible = 0;
			defaultConfigurationName = Release;
		};
		842891FA14E13D1E0065EB20 /* Build configuration list for PBXNativeTarget "TR_PhonegapTest" */ = {
			isa = XCConfigurationList;
			buildConfigurations = (
				842891FB14E13D1E0065EB20 /* Debug */,
				842891FC14E13D1E0065EB20 /* Release */,
			);
			defaultConfigurationIsVisible = 0;
		};
/* End XCConfigurationList section */
	};
	rootObject = 8428919F14E13D1D0065EB20 /* Project object */;
}
